// !$*UTF8*$!
{
	archiveVersion = 1;
	classes = {
	};
	objectVersion = 56;
	objects = {

/* Begin PBXBuildFile section */
		2F19D5212BC559B5009255BB /* WholeScreenCommentView.swift in Sources */ = {isa = PBXBuildFile; fileRef = 2F19D5202BC559B5009255BB /* WholeScreenCommentView.swift */; };
		2F3214BA2B7ED1BD00FA6C32 /* PostListViewController.swift in Sources */ = {isa = PBXBuildFile; fileRef = 2F3214B92B7ED1BD00FA6C32 /* PostListViewController.swift */; };
		2F3214BC2B7ED2C100FA6C32 /* PostTableViewCell.swift in Sources */ = {isa = PBXBuildFile; fileRef = 2F3214BB2B7ED2C100FA6C32 /* PostTableViewCell.swift */; };
		2F3214C22B7EDFF700FA6C32 /* PostView.swift in Sources */ = {isa = PBXBuildFile; fileRef = 2F3214C12B7EDFF700FA6C32 /* PostView.swift */; };
		2F3214C42B7EE00C00FA6C32 /* PostView.xib in Resources */ = {isa = PBXBuildFile; fileRef = 2F3214C32B7EE00C00FA6C32 /* PostView.xib */; };
		2F3214C62B7EF29C00FA6C32 /* Post.swift in Sources */ = {isa = PBXBuildFile; fileRef = 2F3214C52B7EF29C00FA6C32 /* Post.swift */; };
		2F399B012BC493A00054D1F2 /* CommentsView.swift in Sources */ = {isa = PBXBuildFile; fileRef = 2F399B002BC493A00054D1F2 /* CommentsView.swift */; };
		2F399B032BC493C90054D1F2 /* Comment.swift in Sources */ = {isa = PBXBuildFile; fileRef = 2F399B022BC493C90054D1F2 /* Comment.swift */; };
		2F399B052BC493D40054D1F2 /* CommentGetter.swift in Sources */ = {isa = PBXBuildFile; fileRef = 2F399B042BC493D40054D1F2 /* CommentGetter.swift */; };
		2F7168CA2B7F96AB009C17F7 /* PostGetter.swift in Sources */ = {isa = PBXBuildFile; fileRef = 2F7168C92B7F96AB009C17F7 /* PostGetter.swift */; };
		2F7624A12BCDB86A002A79A9 /* NetworkChecker.swift in Sources */ = {isa = PBXBuildFile; fileRef = 2F7624A02BCDB86A002A79A9 /* NetworkChecker.swift */; };
		2F7624A32BCDCD24002A79A9 /* SmallCommentView.swift in Sources */ = {isa = PBXBuildFile; fileRef = 2F7624A22BCDCD24002A79A9 /* SmallCommentView.swift */; };
		2F7624A52BCDE845002A79A9 /* Constants.swift in Sources */ = {isa = PBXBuildFile; fileRef = 2F7624A42BCDE845002A79A9 /* Constants.swift */; };
		2F98306A2B7AE95A00FFF6B5 /* SDWebImage in Frameworks */ = {isa = PBXBuildFile; productRef = 2F9830692B7AE95A00FFF6B5 /* SDWebImage */; };
		2F98306C2B7AE95A00FFF6B5 /* SDWebImageMapKit in Frameworks */ = {isa = PBXBuildFile; productRef = 2F98306B2B7AE95A00FFF6B5 /* SDWebImageMapKit */; };
		2FB965E12B8C0B8300CB72B1 /* MyFileManager.swift in Sources */ = {isa = PBXBuildFile; fileRef = 2FB965E02B8C0B8300CB72B1 /* MyFileManager.swift */; };
		2FC6F3D92B7A40E300485F8D /* AppDelegate.swift in Sources */ = {isa = PBXBuildFile; fileRef = 2FC6F3D82B7A40E300485F8D /* AppDelegate.swift */; };
		2FC6F3DB2B7A40E300485F8D /* SceneDelegate.swift in Sources */ = {isa = PBXBuildFile; fileRef = 2FC6F3DA2B7A40E300485F8D /* SceneDelegate.swift */; };
		2FC6F3DD2B7A40E300485F8D /* PostDetailsViewController.swift in Sources */ = {isa = PBXBuildFile; fileRef = 2FC6F3DC2B7A40E300485F8D /* PostDetailsViewController.swift */; };
		2FC6F3E02B7A40E300485F8D /* Main.storyboard in Resources */ = {isa = PBXBuildFile; fileRef = 2FC6F3DE2B7A40E300485F8D /* Main.storyboard */; };
		2FC6F3E22B7A40E400485F8D /* Assets.xcassets in Resources */ = {isa = PBXBuildFile; fileRef = 2FC6F3E12B7A40E400485F8D /* Assets.xcassets */; };
		2FC6F3E52B7A40E400485F8D /* LaunchScreen.storyboard in Resources */ = {isa = PBXBuildFile; fileRef = 2FC6F3E32B7A40E400485F8D /* LaunchScreen.storyboard */; };
/* End PBXBuildFile section */

/* Begin PBXFileReference section */
		2F19D5202BC559B5009255BB /* WholeScreenCommentView.swift */ = {isa = PBXFileReference; lastKnownFileType = sourcecode.swift; path = WholeScreenCommentView.swift; sourceTree = "<group>"; };
		2F3214B92B7ED1BD00FA6C32 /* PostListViewController.swift */ = {isa = PBXFileReference; lastKnownFileType = sourcecode.swift; path = PostListViewController.swift; sourceTree = "<group>"; };
		2F3214BB2B7ED2C100FA6C32 /* PostTableViewCell.swift */ = {isa = PBXFileReference; lastKnownFileType = sourcecode.swift; path = PostTableViewCell.swift; sourceTree = "<group>"; };
		2F3214C12B7EDFF700FA6C32 /* PostView.swift */ = {isa = PBXFileReference; lastKnownFileType = sourcecode.swift; path = PostView.swift; sourceTree = "<group>"; };
		2F3214C32B7EE00C00FA6C32 /* PostView.xib */ = {isa = PBXFileReference; lastKnownFileType = file.xib; path = PostView.xib; sourceTree = "<group>"; };
		2F3214C52B7EF29C00FA6C32 /* Post.swift */ = {isa = PBXFileReference; lastKnownFileType = sourcecode.swift; path = Post.swift; sourceTree = "<group>"; };
		2F399B002BC493A00054D1F2 /* CommentsView.swift */ = {isa = PBXFileReference; lastKnownFileType = sourcecode.swift; path = CommentsView.swift; sourceTree = "<group>"; };
		2F399B022BC493C90054D1F2 /* Comment.swift */ = {isa = PBXFileReference; lastKnownFileType = sourcecode.swift; path = Comment.swift; sourceTree = "<group>"; };
		2F399B042BC493D40054D1F2 /* CommentGetter.swift */ = {isa = PBXFileReference; lastKnownFileType = sourcecode.swift; path = CommentGetter.swift; sourceTree = "<group>"; };
		2F7168C92B7F96AB009C17F7 /* PostGetter.swift */ = {isa = PBXFileReference; lastKnownFileType = sourcecode.swift; path = PostGetter.swift; sourceTree = "<group>"; };
		2F7624A02BCDB86A002A79A9 /* NetworkChecker.swift */ = {isa = PBXFileReference; lastKnownFileType = sourcecode.swift; path = NetworkChecker.swift; sourceTree = "<group>"; };
		2F7624A22BCDCD24002A79A9 /* SmallCommentView.swift */ = {isa = PBXFileReference; lastKnownFileType = sourcecode.swift; path = SmallCommentView.swift; sourceTree = "<group>"; };
		2F7624A42BCDE845002A79A9 /* Constants.swift */ = {isa = PBXFileReference; lastKnownFileType = sourcecode.swift; path = Constants.swift; sourceTree = "<group>"; };
		2FB965E02B8C0B8300CB72B1 /* MyFileManager.swift */ = {isa = PBXFileReference; lastKnownFileType = sourcecode.swift; path = MyFileManager.swift; sourceTree = "<group>"; };
		2FC6F3D52B7A40E300485F8D /* RedditApp.app */ = {isa = PBXFileReference; explicitFileType = wrapper.application; includeInIndex = 0; path = RedditApp.app; sourceTree = BUILT_PRODUCTS_DIR; };
		2FC6F3D82B7A40E300485F8D /* AppDelegate.swift */ = {isa = PBXFileReference; lastKnownFileType = sourcecode.swift; path = AppDelegate.swift; sourceTree = "<group>"; };
		2FC6F3DA2B7A40E300485F8D /* SceneDelegate.swift */ = {isa = PBXFileReference; lastKnownFileType = sourcecode.swift; path = SceneDelegate.swift; sourceTree = "<group>"; };
		2FC6F3DC2B7A40E300485F8D /* PostDetailsViewController.swift */ = {isa = PBXFileReference; lastKnownFileType = sourcecode.swift; path = PostDetailsViewController.swift; sourceTree = "<group>"; };
		2FC6F3DF2B7A40E300485F8D /* Base */ = {isa = PBXFileReference; lastKnownFileType = file.storyboard; name = Base; path = Base.lproj/Main.storyboard; sourceTree = "<group>"; };
		2FC6F3E12B7A40E400485F8D /* Assets.xcassets */ = {isa = PBXFileReference; lastKnownFileType = folder.assetcatalog; path = Assets.xcassets; sourceTree = "<group>"; };
		2FC6F3E42B7A40E400485F8D /* Base */ = {isa = PBXFileReference; lastKnownFileType = file.storyboard; name = Base; path = Base.lproj/LaunchScreen.storyboard; sourceTree = "<group>"; };
		2FC6F3E62B7A40E400485F8D /* Info.plist */ = {isa = PBXFileReference; lastKnownFileType = text.plist.xml; path = Info.plist; sourceTree = "<group>"; };
/* End PBXFileReference section */

/* Begin PBXFrameworksBuildPhase section */
		2FC6F3D22B7A40E300485F8D /* Frameworks */ = {
			isa = PBXFrameworksBuildPhase;
			buildActionMask = 2147483647;
			files = (
				2F98306C2B7AE95A00FFF6B5 /* SDWebImageMapKit in Frameworks */,
				2F98306A2B7AE95A00FFF6B5 /* SDWebImage in Frameworks */,
			);
			runOnlyForDeploymentPostprocessing = 0;
		};
/* End PBXFrameworksBuildPhase section */

/* Begin PBXGroup section */
		2F399AFF2BC493550054D1F2 /* SwiftUIViews */ = {
			isa = PBXGroup;
			children = (
				2F399B002BC493A00054D1F2 /* CommentsView.swift */,
				2F7624A22BCDCD24002A79A9 /* SmallCommentView.swift */,
				2F19D5202BC559B5009255BB /* WholeScreenCommentView.swift */,
			);
			path = SwiftUIViews;
			sourceTree = "<group>";
		};
		2F7168CB2B7F97D4009C17F7 /* ViewControllers */ = {
			isa = PBXGroup;
			children = (
				2F3214B92B7ED1BD00FA6C32 /* PostListViewController.swift */,
				2FC6F3DC2B7A40E300485F8D /* PostDetailsViewController.swift */,
			);
			path = ViewControllers;
			sourceTree = "<group>";
		};
		2F7168CC2B7F984F009C17F7 /* Models */ = {
			isa = PBXGroup;
			children = (
				2F7624A42BCDE845002A79A9 /* Constants.swift */,
				2F399B022BC493C90054D1F2 /* Comment.swift */,
				2F3214C52B7EF29C00FA6C32 /* Post.swift */,
			);
			path = Models;
			sourceTree = "<group>";
		};
		2F7168CE2B7F98A3009C17F7 /* Utils */ = {
			isa = PBXGroup;
			children = (
				2F399B042BC493D40054D1F2 /* CommentGetter.swift */,
				2F7168C92B7F96AB009C17F7 /* PostGetter.swift */,
				2FB965E02B8C0B8300CB72B1 /* MyFileManager.swift */,
				2F7624A02BCDB86A002A79A9 /* NetworkChecker.swift */,
			);
			path = Utils;
			sourceTree = "<group>";
		};
		2F7168CF2B7F98B2009C17F7 /* UIElements */ = {
			isa = PBXGroup;
			children = (
				2F3214C12B7EDFF700FA6C32 /* PostView.swift */,
				2F3214C32B7EE00C00FA6C32 /* PostView.xib */,
				2F3214BB2B7ED2C100FA6C32 /* PostTableViewCell.swift */,
			);
			path = UIElements;
			sourceTree = "<group>";
		};
		2FC6F3CC2B7A40E300485F8D = {
			isa = PBXGroup;
			children = (
				2FC6F3D72B7A40E300485F8D /* RedditApp */,
				2FC6F3D62B7A40E300485F8D /* Products */,
			);
			sourceTree = "<group>";
		};
		2FC6F3D62B7A40E300485F8D /* Products */ = {
			isa = PBXGroup;
			children = (
				2FC6F3D52B7A40E300485F8D /* RedditApp.app */,
			);
			name = Products;
			sourceTree = "<group>";
		};
		2FC6F3D72B7A40E300485F8D /* RedditApp */ = {
			isa = PBXGroup;
			children = (
				2FC6F3D82B7A40E300485F8D /* AppDelegate.swift */,
				2FC6F3DA2B7A40E300485F8D /* SceneDelegate.swift */,
				2F399AFF2BC493550054D1F2 /* SwiftUIViews */,
				2FC6F3DE2B7A40E300485F8D /* Main.storyboard */,
				2F7168CB2B7F97D4009C17F7 /* ViewControllers */,
				2F7168CF2B7F98B2009C17F7 /* UIElements */,
				2F7168CE2B7F98A3009C17F7 /* Utils */,
				2F7168CC2B7F984F009C17F7 /* Models */,
				2FC6F3E12B7A40E400485F8D /* Assets.xcassets */,
				2FC6F3E32B7A40E400485F8D /* LaunchScreen.storyboard */,
				2FC6F3E62B7A40E400485F8D /* Info.plist */,
			);
			path = RedditApp;
			sourceTree = "<group>";
		};
/* End PBXGroup section */

/* Begin PBXNativeTarget section */
		2FC6F3D42B7A40E300485F8D /* RedditApp */ = {
			isa = PBXNativeTarget;
			buildConfigurationList = 2FC6F3E92B7A40E400485F8D /* Build configuration list for PBXNativeTarget "RedditApp" */;
			buildPhases = (
				2FC6F3D12B7A40E300485F8D /* Sources */,
				2FC6F3D22B7A40E300485F8D /* Frameworks */,
				2FC6F3D32B7A40E300485F8D /* Resources */,
			);
			buildRules = (
			);
			dependencies = (
			);
			name = RedditApp;
			packageProductDependencies = (
				2F9830692B7AE95A00FFF6B5 /* SDWebImage */,
				2F98306B2B7AE95A00FFF6B5 /* SDWebImageMapKit */,
			);
			productName = RedditApp;
			productReference = 2FC6F3D52B7A40E300485F8D /* RedditApp.app */;
			productType = "com.apple.product-type.application";
		};
/* End PBXNativeTarget section */

/* Begin PBXProject section */
		2FC6F3CD2B7A40E300485F8D /* Project object */ = {
			isa = PBXProject;
			attributes = {
				BuildIndependentTargetsInParallel = 1;
				LastSwiftUpdateCheck = 1520;
				LastUpgradeCheck = 1520;
				TargetAttributes = {
					2FC6F3D42B7A40E300485F8D = {
						CreatedOnToolsVersion = 15.2;
					};
				};
			};
			buildConfigurationList = 2FC6F3D02B7A40E300485F8D /* Build configuration list for PBXProject "RedditApp" */;
			compatibilityVersion = "Xcode 14.0";
			developmentRegion = en;
			hasScannedForEncodings = 0;
			knownRegions = (
				en,
				Base,
			);
			mainGroup = 2FC6F3CC2B7A40E300485F8D;
			packageReferences = (
				2F9830682B7AE95A00FFF6B5 /* XCRemoteSwiftPackageReference "SDWebImage" */,
			);
			productRefGroup = 2FC6F3D62B7A40E300485F8D /* Products */;
			projectDirPath = "";
			projectRoot = "";
			targets = (
				2FC6F3D42B7A40E300485F8D /* RedditApp */,
			);
		};
/* End PBXProject section */

/* Begin PBXResourcesBuildPhase section */
		2FC6F3D32B7A40E300485F8D /* Resources */ = {
			isa = PBXResourcesBuildPhase;
			buildActionMask = 2147483647;
			files = (
				2FC6F3E52B7A40E400485F8D /* LaunchScreen.storyboard in Resources */,
				2FC6F3E22B7A40E400485F8D /* Assets.xcassets in Resources */,
				2F3214C42B7EE00C00FA6C32 /* PostView.xib in Resources */,
				2FC6F3E02B7A40E300485F8D /* Main.storyboard in Resources */,
			);
			runOnlyForDeploymentPostprocessing = 0;
		};
/* End PBXResourcesBuildPhase section */

/* Begin PBXSourcesBuildPhase section */
		2FC6F3D12B7A40E300485F8D /* Sources */ = {
			isa = PBXSourcesBuildPhase;
			buildActionMask = 2147483647;
			files = (
				2F3214BA2B7ED1BD00FA6C32 /* PostListViewController.swift in Sources */,
				2FC6F3DD2B7A40E300485F8D /* PostDetailsViewController.swift in Sources */,
				2F19D5212BC559B5009255BB /* WholeScreenCommentView.swift in Sources */,
				2F399B012BC493A00054D1F2 /* CommentsView.swift in Sources */,
				2F7624A32BCDCD24002A79A9 /* SmallCommentView.swift in Sources */,
				2F7624A12BCDB86A002A79A9 /* NetworkChecker.swift in Sources */,
				2F3214BC2B7ED2C100FA6C32 /* PostTableViewCell.swift in Sources */,
				2FB965E12B8C0B8300CB72B1 /* MyFileManager.swift in Sources */,
				2FC6F3D92B7A40E300485F8D /* AppDelegate.swift in Sources */,
				2F7168CA2B7F96AB009C17F7 /* PostGetter.swift in Sources */,
				2F3214C22B7EDFF700FA6C32 /* PostView.swift in Sources */,
				2F7624A52BCDE845002A79A9 /* Constants.swift in Sources */,
				2F399B052BC493D40054D1F2 /* CommentGetter.swift in Sources */,
				2F3214C62B7EF29C00FA6C32 /* Post.swift in Sources */,
				2F399B032BC493C90054D1F2 /* Comment.swift in Sources */,
				2FC6F3DB2B7A40E300485F8D /* SceneDelegate.swift in Sources */,
			);
			runOnlyForDeploymentPostprocessing = 0;
		};
/* End PBXSourcesBuildPhase section */

/* Begin PBXVariantGroup section */
		2FC6F3DE2B7A40E300485F8D /* Main.storyboard */ = {
			isa = PBXVariantGroup;
			children = (
				2FC6F3DF2B7A40E300485F8D /* Base */,
			);
			name = Main.storyboard;
			sourceTree = "<group>";
		};
		2FC6F3E32B7A40E400485F8D /* LaunchScreen.storyboard */ = {
			isa = PBXVariantGroup;
			children = (
				2FC6F3E42B7A40E400485F8D /* Base */,
			);
			name = LaunchScreen.storyboard;
			sourceTree = "<group>";
		};
/* End PBXVariantGroup section */

/* Begin XCBuildConfiguration section */
		2FC6F3E72B7A40E400485F8D /* Debug */ = {
			isa = XCBuildConfiguration;
			buildSettings = {
				ALWAYS_SEARCH_USER_PATHS = NO;
				ASSETCATALOG_COMPILER_GENERATE_SWIFT_ASSET_SYMBOL_EXTENSIONS = YES;
				CLANG_ANALYZER_NONNULL = YES;
				CLANG_ANALYZER_NUMBER_OBJECT_CONVERSION = YES_AGGRESSIVE;
				CLANG_CXX_LANGUAGE_STANDARD = "gnu++20";
				CLANG_ENABLE_MODULES = YES;
				CLANG_ENABLE_OBJC_ARC = YES;
				CLANG_ENABLE_OBJC_WEAK = YES;
				CLANG_WARN_BLOCK_CAPTURE_AUTORELEASING = YES;
				CLANG_WARN_BOOL_CONVERSION = YES;
				CLANG_WARN_COMMA = YES;
				CLANG_WARN_CONSTANT_CONVERSION = YES;
				CLANG_WARN_DEPRECATED_OBJC_IMPLEMENTATIONS = YES;
				CLANG_WARN_DIRECT_OBJC_ISA_USAGE = YES_ERROR;
				CLANG_WARN_DOCUMENTATION_COMMENTS = YES;
				CLANG_WARN_EMPTY_BODY = YES;
				CLANG_WARN_ENUM_CONVERSION = YES;
				CLANG_WARN_INFINITE_RECURSION = YES;
				CLANG_WARN_INT_CONVERSION = YES;
				CLANG_WARN_NON_LITERAL_NULL_CONVERSION = YES;
				CLANG_WARN_OBJC_IMPLICIT_RETAIN_SELF = YES;
				CLANG_WARN_OBJC_LITERAL_CONVERSION = YES;
				CLANG_WARN_OBJC_ROOT_CLASS = YES_ERROR;
				CLANG_WARN_QUOTED_INCLUDE_IN_FRAMEWORK_HEADER = YES;
				CLANG_WARN_RANGE_LOOP_ANALYSIS = YES;
				CLANG_WARN_STRICT_PROTOTYPES = YES;
				CLANG_WARN_SUSPICIOUS_MOVE = YES;
				CLANG_WARN_UNGUARDED_AVAILABILITY = YES_AGGRESSIVE;
				CLANG_WARN_UNREACHABLE_CODE = YES;
				CLANG_WARN__DUPLICATE_METHOD_MATCH = YES;
				COPY_PHASE_STRIP = NO;
				DEBUG_INFORMATION_FORMAT = dwarf;
				ENABLE_STRICT_OBJC_MSGSEND = YES;
				ENABLE_TESTABILITY = YES;
				ENABLE_USER_SCRIPT_SANDBOXING = YES;
				GCC_C_LANGUAGE_STANDARD = gnu17;
				GCC_DYNAMIC_NO_PIC = NO;
				GCC_NO_COMMON_BLOCKS = YES;
				GCC_OPTIMIZATION_LEVEL = 0;
				GCC_PREPROCESSOR_DEFINITIONS = (
					"DEBUG=1",
					"$(inherited)",
				);
				GCC_WARN_64_TO_32_BIT_CONVERSION = YES;
				GCC_WARN_ABOUT_RETURN_TYPE = YES_ERROR;
				GCC_WARN_UNDECLARED_SELECTOR = YES;
				GCC_WARN_UNINITIALIZED_AUTOS = YES_AGGRESSIVE;
				GCC_WARN_UNUSED_FUNCTION = YES;
				GCC_WARN_UNUSED_VARIABLE = YES;
				IPHONEOS_DEPLOYMENT_TARGET = 17.2;
				LOCALIZATION_PREFERS_STRING_CATALOGS = YES;
				MTL_ENABLE_DEBUG_INFO = INCLUDE_SOURCE;
				MTL_FAST_MATH = YES;
				ONLY_ACTIVE_ARCH = YES;
				SDKROOT = iphoneos;
				SWIFT_ACTIVE_COMPILATION_CONDITIONS = "DEBUG $(inherited)";
				SWIFT_OPTIMIZATION_LEVEL = "-Onone";
			};
			name = Debug;
		};
		2FC6F3E82B7A40E400485F8D /* Release */ = {
			isa = XCBuildConfiguration;
			buildSettings = {
				ALWAYS_SEARCH_USER_PATHS = NO;
				ASSETCATALOG_COMPILER_GENERATE_SWIFT_ASSET_SYMBOL_EXTENSIONS = YES;
				CLANG_ANALYZER_NONNULL = YES;
				CLANG_ANALYZER_NUMBER_OBJECT_CONVERSION = YES_AGGRESSIVE;
				CLANG_CXX_LANGUAGE_STANDARD = "gnu++20";
				CLANG_ENABLE_MODULES = YES;
				CLANG_ENABLE_OBJC_ARC = YES;
				CLANG_ENABLE_OBJC_WEAK = YES;
				CLANG_WARN_BLOCK_CAPTURE_AUTORELEASING = YES;
				CLANG_WARN_BOOL_CONVERSION = YES;
				CLANG_WARN_COMMA = YES;
				CLANG_WARN_CONSTANT_CONVERSION = YES;
				CLANG_WARN_DEPRECATED_OBJC_IMPLEMENTATIONS = YES;
				CLANG_WARN_DIRECT_OBJC_ISA_USAGE = YES_ERROR;
				CLANG_WARN_DOCUMENTATION_COMMENTS = YES;
				CLANG_WARN_EMPTY_BODY = YES;
				CLANG_WARN_ENUM_CONVERSION = YES;
				CLANG_WARN_INFINITE_RECURSION = YES;
				CLANG_WARN_INT_CONVERSION = YES;
				CLANG_WARN_NON_LITERAL_NULL_CONVERSION = YES;
				CLANG_WARN_OBJC_IMPLICIT_RETAIN_SELF = YES;
				CLANG_WARN_OBJC_LITERAL_CONVERSION = YES;
				CLANG_WARN_OBJC_ROOT_CLASS = YES_ERROR;
				CLANG_WARN_QUOTED_INCLUDE_IN_FRAMEWORK_HEADER = YES;
				CLANG_WARN_RANGE_LOOP_ANALYSIS = YES;
				CLANG_WARN_STRICT_PROTOTYPES = YES;
				CLANG_WARN_SUSPICIOUS_MOVE = YES;
				CLANG_WARN_UNGUARDED_AVAILABILITY = YES_AGGRESSIVE;
				CLANG_WARN_UNREACHABLE_CODE = YES;
				CLANG_WARN__DUPLICATE_METHOD_MATCH = YES;
				COPY_PHASE_STRIP = NO;
				DEBUG_INFORMATION_FORMAT = "dwarf-with-dsym";
				ENABLE_NS_ASSERTIONS = NO;
				ENABLE_STRICT_OBJC_MSGSEND = YES;
				ENABLE_USER_SCRIPT_SANDBOXING = YES;
				GCC_C_LANGUAGE_STANDARD = gnu17;
				GCC_NO_COMMON_BLOCKS = YES;
				GCC_WARN_64_TO_32_BIT_CONVERSION = YES;
				GCC_WARN_ABOUT_RETURN_TYPE = YES_ERROR;
				GCC_WARN_UNDECLARED_SELECTOR = YES;
				GCC_WARN_UNINITIALIZED_AUTOS = YES_AGGRESSIVE;
				GCC_WARN_UNUSED_FUNCTION = YES;
				GCC_WARN_UNUSED_VARIABLE = YES;
				IPHONEOS_DEPLOYMENT_TARGET = 17.2;
				LOCALIZATION_PREFERS_STRING_CATALOGS = YES;
				MTL_ENABLE_DEBUG_INFO = NO;
				MTL_FAST_MATH = YES;
				SDKROOT = iphoneos;
				SWIFT_COMPILATION_MODE = wholemodule;
				VALIDATE_PRODUCT = YES;
			};
			name = Release;
		};
		2FC6F3EA2B7A40E400485F8D /* Debug */ = {
			isa = XCBuildConfiguration;
			buildSettings = {
				ASSETCATALOG_COMPILER_APPICON_NAME = AppIcon;
				ASSETCATALOG_COMPILER_GLOBAL_ACCENT_COLOR_NAME = AccentColor;
				CODE_SIGN_STYLE = Automatic;
				CURRENT_PROJECT_VERSION = 1;
				DEVELOPMENT_TEAM = VNU8KKW4GG;
				GENERATE_INFOPLIST_FILE = YES;
				INFOPLIST_FILE = RedditApp/Info.plist;
				INFOPLIST_KEY_UIApplicationSupportsIndirectInputEvents = YES;
				INFOPLIST_KEY_UILaunchStoryboardName = LaunchScreen;
				INFOPLIST_KEY_UIMainStoryboardFile = Main;
				INFOPLIST_KEY_UIStatusBarStyle = "";
				INFOPLIST_KEY_UISupportedInterfaceOrientations = "UIInterfaceOrientationLandscapeLeft UIInterfaceOrientationLandscapeRight UIInterfaceOrientationPortrait";
				INFOPLIST_KEY_UISupportedInterfaceOrientations_iPad = "UIInterfaceOrientationLandscapeLeft UIInterfaceOrientationLandscapeRight UIInterfaceOrientationPortrait UIInterfaceOrientationPortraitUpsideDown";
				LD_RUNPATH_SEARCH_PATHS = (
					"$(inherited)",
					"@executable_path/Frameworks",
				);
				MARKETING_VERSION = 1.0;
				PRODUCT_BUNDLE_IDENTIFIER = ua.edu.ukma.budilova.RedditApp;
				PRODUCT_NAME = "$(TARGET_NAME)";
				SUPPORTED_PLATFORMS = "iphoneos iphonesimulator";
				SUPPORTS_MACCATALYST = NO;
				SUPPORTS_MAC_DESIGNED_FOR_IPHONE_IPAD = NO;
				SUPPORTS_XR_DESIGNED_FOR_IPHONE_IPAD = NO;
				SWIFT_EMIT_LOC_STRINGS = YES;
				SWIFT_VERSION = 5.0;
				TARGETED_DEVICE_FAMILY = 1;
			};
			name = Debug;
		};
		2FC6F3EB2B7A40E400485F8D /* Release */ = {
			isa = XCBuildConfiguration;
			buildSettings = {
				ASSETCATALOG_COMPILER_APPICON_NAME = AppIcon;
				ASSETCATALOG_COMPILER_GLOBAL_ACCENT_COLOR_NAME = AccentColor;
				CODE_SIGN_STYLE = Automatic;
				CURRENT_PROJECT_VERSION = 1;
				DEVELOPMENT_TEAM = VNU8KKW4GG;
				GENERATE_INFOPLIST_FILE = YES;
				INFOPLIST_FILE = RedditApp/Info.plist;
				INFOPLIST_KEY_UIApplicationSupportsIndirectInputEvents = YES;
				INFOPLIST_KEY_UILaunchStoryboardName = LaunchScreen;
				INFOPLIST_KEY_UIMainStoryboardFile = Main;
				INFOPLIST_KEY_UIStatusBarStyle = "";
				INFOPLIST_KEY_UISupportedInterfaceOrientations = "UIInterfaceOrientationLandscapeLeft UIInterfaceOrientationLandscapeRight UIInterfaceOrientationPortrait";
				INFOPLIST_KEY_UISupportedInterfaceOrientations_iPad = "UIInterfaceOrientationLandscapeLeft UIInterfaceOrientationLandscapeRight UIInterfaceOrientationPortrait UIInterfaceOrientationPortraitUpsideDown";
				LD_RUNPATH_SEARCH_PATHS = (
					"$(inherited)",
					"@executable_path/Frameworks",
				);
				MARKETING_VERSION = 1.0;
				PRODUCT_BUNDLE_IDENTIFIER = ua.edu.ukma.budilova.RedditApp;
				PRODUCT_NAME = "$(TARGET_NAME)";
				SUPPORTED_PLATFORMS = "iphoneos iphonesimulator";
				SUPPORTS_MACCATALYST = NO;
				SUPPORTS_MAC_DESIGNED_FOR_IPHONE_IPAD = NO;
				SUPPORTS_XR_DESIGNED_FOR_IPHONE_IPAD = NO;
				SWIFT_EMIT_LOC_STRINGS = YES;
				SWIFT_VERSION = 5.0;
				TARGETED_DEVICE_FAMILY = 1;
			};
			name = Release;
		};
/* End XCBuildConfiguration section */

/* Begin XCConfigurationList section */
		2FC6F3D02B7A40E300485F8D /* Build configuration list for PBXProject "RedditApp" */ = {
			isa = XCConfigurationList;
			buildConfigurations = (
				2FC6F3E72B7A40E400485F8D /* Debug */,
				2FC6F3E82B7A40E400485F8D /* Release */,
			);
			defaultConfigurationIsVisible = 0;
			defaultConfigurationName = Release;
		};
		2FC6F3E92B7A40E400485F8D /* Build configuration list for PBXNativeTarget "RedditApp" */ = {
			isa = XCConfigurationList;
			buildConfigurations = (
				2FC6F3EA2B7A40E400485F8D /* Debug */,
				2FC6F3EB2B7A40E400485F8D /* Release */,
			);
			defaultConfigurationIsVisible = 0;
			defaultConfigurationName = Release;
		};
/* End XCConfigurationList section */

/* Begin XCRemoteSwiftPackageReference section */
		2F9830682B7AE95A00FFF6B5 /* XCRemoteSwiftPackageReference "SDWebImage" */ = {
			isa = XCRemoteSwiftPackageReference;
			repositoryURL = "https://github.com/SDWebImage/SDWebImage";
			requirement = {
				kind = upToNextMajorVersion;
				minimumVersion = 5.18.10;
			};
		};
/* End XCRemoteSwiftPackageReference section */

/* Begin XCSwiftPackageProductDependency section */
		2F9830692B7AE95A00FFF6B5 /* SDWebImage */ = {
			isa = XCSwiftPackageProductDependency;
			package = 2F9830682B7AE95A00FFF6B5 /* XCRemoteSwiftPackageReference "SDWebImage" */;
			productName = SDWebImage;
		};
		2F98306B2B7AE95A00FFF6B5 /* SDWebImageMapKit */ = {
			isa = XCSwiftPackageProductDependency;
			package = 2F9830682B7AE95A00FFF6B5 /* XCRemoteSwiftPackageReference "SDWebImage" */;
			productName = SDWebImageMapKit;
		};
/* End XCSwiftPackageProductDependency section */
	};
	rootObject = 2FC6F3CD2B7A40E300485F8D /* Project object */;
}
